
Microsoft Visual Studio Solution File, Format Version 12.00
# Visual Studio 14
VisualStudioVersion = 14.0.25123.0
MinimumVisualStudioVersion = 10.0.40219.1
Project("{FAE04EC0-301F-11D3-BF4B-00C04F79EFBC}") = "XammaGames.Droid", "XammaGames\XammaGames.Droid\XammaGames.Droid.csproj", "{301EBE93-D220-45FC-9E74-47B6837B820F}"
EndProject
Project("{FAE04EC0-301F-11D3-BF4B-00C04F79EFBC}") = "XammaGames.iOS", "XammaGames\XammaGames.iOS\XammaGames.iOS.csproj", "{60CC3582-540C-4995-B732-8ADBD36FD1B0}"
EndProject
Project("{FAE04EC0-301F-11D3-BF4B-00C04F79EFBC}") = "XammaGames", "XammaGames\XammaGames\XammaGames.csproj", "{AD542192-E2AC-47C2-AB15-DFC775085186}"
EndProject
Project("{2150E333-8FDC-42A3-9474-1A3956D46DE8}") = "Solution Items", "Solution Items", "{AF179484-A489-40A0-885E-CC07F0C4729A}"
	ProjectSection(SolutionItems) = preProject
		XammaGames.sln = XammaGames.sln
	EndProjectSection
EndProject
Global
	GlobalSection(SolutionConfigurationPlatforms) = preSolution
		Ad-Hoc|Any CPU = Ad-Hoc|Any CPU
		Ad-Hoc|iPhone = Ad-Hoc|iPhone
		Ad-Hoc|iPhoneSimulator = Ad-Hoc|iPhoneSimulator
		AppStore|Any CPU = AppStore|Any CPU
		AppStore|iPhone = AppStore|iPhone
		AppStore|iPhoneSimulator = AppStore|iPhoneSimulator
		Debug|Any CPU = Debug|Any CPU
		Debug|iPhone = Debug|iPhone
		Debug|iPhoneSimulator = Debug|iPhoneSimulator
		Release|Any CPU = Release|Any CPU
		Release|iPhone = Release|iPhone
		Release|iPhoneSimulator = Release|iPhoneSimulator
	EndGlobalSection
	GlobalSection(ProjectConfigurationPlatforms) = postSolution
		{301EBE93-D220-45FC-9E74-47B6837B820F}.Ad-Hoc|Any CPU.ActiveCfg = Release|Any CPU
		{301EBE93-D220-45FC-9E74-47B6837B820F}.Ad-Hoc|Any CPU.Build.0 = Release|Any CPU
		{301EBE93-D220-45FC-9E74-47B6837B820F}.Ad-Hoc|Any CPU.Deploy.0 = Release|Any CPU
		{301EBE93-D220-45FC-9E74-47B6837B820F}.Ad-Hoc|iPhone.ActiveCfg = Release|Any CPU
		{301EBE93-D220-45FC-9E74-47B6837B820F}.Ad-Hoc|iPhone.Build.0 = Release|Any CPU
		{301EBE93-D220-45FC-9E74-47B6837B820F}.Ad-Hoc|iPhone.Deploy.0 = Release|Any CPU
		{301EBE93-D220-45FC-9E74-47B6837B820F}.Ad-Hoc|iPhoneSimulator.ActiveCfg = Release|Any CPU
		{301EBE93-D220-45FC-9E74-47B6837B820F}.Ad-Hoc|iPhoneSimulator.Build.0 = Release|Any CPU
		{301EBE93-D220-45FC-9E74-47B6837B820F}.Ad-Hoc|iPhoneSimulator.Deploy.0 = Release|Any CPU
		{301EBE93-D220-45FC-9E74-47B6837B820F}.AppStore|Any CPU.ActiveCfg = Release|Any CPU
		{301EBE93-D220-45FC-9E74-47B6837B820F}.AppStore|Any CPU.Build.0 = Release|Any CPU
		{301EBE93-D220-45FC-9E74-47B6837B820F}.AppStore|Any CPU.Deploy.0 = Release|Any CPU
		{301EBE93-D220-45FC-9E74-47B6837B820F}.AppStore|iPhone.ActiveCfg = Release|Any CPU
		{301EBE93-D220-45FC-9E74-47B6837B820F}.AppStore|iPhone.Build.0 = Release|Any CPU
		{301EBE93-D220-45FC-9E74-47B6837B820F}.AppStore|iPhone.Deploy.0 = Release|Any CPU
		{301EBE93-D220-45FC-9E74-47B6837B820F}.AppStore|iPhoneSimulator.ActiveCfg = Release|Any CPU
		{301EBE93-D220-45FC-9E74-47B6837B820F}.AppStore|iPhoneSimulator.Build.0 = Release|Any CPU
		{301EBE93-D220-45FC-9E74-47B6837B820F}.AppStore|iPhoneSimulator.Deploy.0 = Release|Any CPU
		{301EBE93-D220-45FC-9E74-47B6837B820F}.Debug|Any CPU.ActiveCfg = Debug|Any CPU
		{301EBE93-D220-45FC-9E74-47B6837B820F}.Debug|Any CPU.Build.0 = Debug|Any CPU
		{301EBE93-D220-45FC-9E74-47B6837B820F}.Debug|Any CPU.Deploy.0 = Debug|Any CPU
		{301EBE93-D220-45FC-9E74-47B6837B820F}.Debug|iPhone.ActiveCfg = Debug|Any CPU
		{301EBE93-D220-45FC-9E74-47B6837B820F}.Debug|iPhone.Build.0 = Debug|Any CPU
		{301EBE93-D220-45FC-9E74-47B6837B820F}.Debug|iPhone.Deploy.0 = Debug|Any CPU
		{301EBE93-D220-45FC-9E74-47B6837B820F}.Debug|iPhoneSimulator.ActiveCfg = Debug|Any CPU
		{301EBE93-D220-45FC-9E74-47B6837B820F}.Debug|iPhoneSimulator.Build.0 = Debug|Any CPU
		{301EBE93-D220-45FC-9E74-47B6837B820F}.Debug|iPhoneSimulator.Deploy.0 = Debug|Any CPU
		{301EBE93-D220-45FC-9E74-47B6837B820F}.Release|Any CPU.ActiveCfg = Release|Any CPU
		{301EBE93-D220-45FC-9E74-47B6837B820F}.Release|Any CPU.Build.0 = Release|Any CPU
		{301EBE93-D220-45FC-9E74-47B6837B820F}.Release|Any CPU.Deploy.0 = Release|Any CPU
		{301EBE93-D220-45FC-9E74-47B6837B820F}.Release|iPhone.ActiveCfg = Release|Any CPU
		{301EBE93-D220-45FC-9E74-47B6837B820F}.Release|iPhone.Build.0 = Release|Any CPU
		{301EBE93-D220-45FC-9E74-47B6837B820F}.Release|iPhone.Deploy.0 = Release|Any CPU
		{301EBE93-D220-45FC-9E74-47B6837B820F}.Release|iPhoneSimulator.ActiveCfg = Release|Any CPU
		{301EBE93-D220-45FC-9E74-47B6837B820F}.Release|iPhoneSimulator.Build.0 = Release|Any CPU
		{301EBE93-D220-45FC-9E74-47B6837B820F}.Release|iPhoneSimulator.Deploy.0 = Release|Any CPU
		{60CC3582-540C-4995-B732-8ADBD36FD1B0}.Ad-Hoc|Any CPU.ActiveCfg = Ad-Hoc|iPhone
		{60CC3582-540C-4995-B732-8ADBD36FD1B0}.Ad-Hoc|iPhone.ActiveCfg = Ad-Hoc|iPhone
		{60CC3582-540C-4995-B732-8ADBD36FD1B0}.Ad-Hoc|iPhone.Build.0 = Ad-Hoc|iPhone
		{60CC3582-540C-4995-B732-8ADBD36FD1B0}.Ad-Hoc|iPhoneSimulator.ActiveCfg = Ad-Hoc|iPhoneSimulator
		{60CC3582-540C-4995-B732-8ADBD36FD1B0}.Ad-Hoc|iPhoneSimulator.Build.0 = Ad-Hoc|iPhoneSimulator
		{60CC3582-540C-4995-B732-8ADBD36FD1B0}.AppStore|Any CPU.ActiveCfg = AppStore|iPhone
		{60CC3582-540C-4995-B732-8ADBD36FD1B0}.AppStore|iPhone.ActiveCfg = AppStore|iPhone
		{60CC3582-540C-4995-B732-8ADBD36FD1B0}.AppStore|iPhone.Build.0 = AppStore|iPhone
		{60CC3582-540C-4995-B732-8ADBD36FD1B0}.AppStore|iPhoneSimulator.ActiveCfg = AppStore|iPhoneSimulator
		{60CC3582-540C-4995-B732-8ADBD36FD1B0}.AppStore|iPhoneSimulator.Build.0 = AppStore|iPhoneSimulator
		{60CC3582-540C-4995-B732-8ADBD36FD1B0}.Debug|Any CPU.ActiveCfg = Debug|iPhone
		{60CC3582-540C-4995-B732-8ADBD36FD1B0}.Debug|iPhone.ActiveCfg = Debug|iPhone
		{60CC3582-540C-4995-B732-8ADBD36FD1B0}.Debug|iPhone.Build.0 = Debug|iPhone
		{60CC3582-540C-4995-B732-8ADBD36FD1B0}.Debug|iPhoneSimulator.ActiveCfg = Debug|iPhoneSimulator
		{60CC3582-540C-4995-B732-8ADBD36FD1B0}.Debug|iPhoneSimulator.Build.0 = Debug|iPhoneSimulator
		{60CC3582-540C-4995-B732-8ADBD36FD1B0}.Release|Any CPU.ActiveCfg = Release|iPhone
		{60CC3582-540C-4995-B732-8ADBD36FD1B0}.Release|iPhone.ActiveCfg = Release|iPhone
		{60CC3582-540C-4995-B732-8ADBD36FD1B0}.Release|iPhone.Build.0 = Release|iPhone
		{60CC3582-540C-4995-B732-8ADBD36FD1B0}.Release|iPhoneSimulator.ActiveCfg = Release|iPhoneSimulator
		{60CC3582-540C-4995-B732-8ADBD36FD1B0}.Release|iPhoneSimulator.Build.0 = Release|iPhoneSimulator
		{AD542192-E2AC-47C2-AB15-DFC775085186}.Ad-Hoc|Any CPU.ActiveCfg = Release|Any CPU
		{AD542192-E2AC-47C2-AB15-DFC775085186}.Ad-Hoc|Any CPU.Build.0 = Release|Any CPU
		{AD542192-E2AC-47C2-AB15-DFC775085186}.Ad-Hoc|iPhone.ActiveCfg = Release|Any CPU
		{AD542192-E2AC-47C2-AB15-DFC775085186}.Ad-Hoc|iPhone.Build.0 = Release|Any CPU
		{AD542192-E2AC-47C2-AB15-DFC775085186}.Ad-Hoc|iPhoneSimulator.ActiveCfg = Release|Any CPU
		{AD542192-E2AC-47C2-AB15-DFC775085186}.Ad-Hoc|iPhoneSimulator.Build.0 = Release|Any CPU
		{AD542192-E2AC-47C2-AB15-DFC775085186}.AppStore|Any CPU.ActiveCfg = Release|Any CPU
		{AD542192-E2AC-47C2-AB15-DFC775085186}.AppStore|Any CPU.Build.0 = Release|Any CPU
		{AD542192-E2AC-47C2-AB15-DFC775085186}.AppStore|iPhone.ActiveCfg = Release|Any CPU
		{AD542192-E2AC-47C2-AB15-DFC775085186}.AppStore|iPhone.Build.0 = Release|Any CPU
		{AD542192-E2AC-47C2-AB15-DFC775085186}.AppStore|iPhoneSimulator.ActiveCfg = Release|Any CPU
		{AD542192-E2AC-47C2-AB15-DFC775085186}.AppStore|iPhoneSimulator.Build.0 = Release|Any CPU
		{AD542192-E2AC-47C2-AB15-DFC775085186}.Debug|Any CPU.ActiveCfg = Debug|Any CPU
		{AD542192-E2AC-47C2-AB15-DFC775085186}.Debug|Any CPU.Build.0 = Debug|Any CPU
		{AD542192-E2AC-47C2-AB15-DFC775085186}.Debug|iPhone.ActiveCfg = Debug|Any CPU
		{AD542192-E2AC-47C2-AB15-DFC775085186}.Debug|iPhone.Build.0 = Debug|Any CPU
		{AD542192-E2AC-47C2-AB15-DFC775085186}.Debug|iPhoneSimulator.ActiveCfg = Debug|Any CPU
		{AD542192-E2AC-47C2-AB15-DFC775085186}.Debug|iPhoneSimulator.Build.0 = Debug|Any CPU
		{AD542192-E2AC-47C2-AB15-DFC775085186}.Release|Any CPU.ActiveCfg = Release|Any CPU
		{AD542192-E2AC-47C2-AB15-DFC775085186}.Release|Any CPU.Build.0 = Release|Any CPU
		{AD542192-E2AC-47C2-AB15-DFC775085186}.Release|iPhone.ActiveCfg = Release|Any CPU
		{AD542192-E2AC-47C2-AB15-DFC775085186}.Release|iPhone.Build.0 = Release|Any CPU
		{AD542192-E2AC-47C2-AB15-DFC775085186}.Release|iPhoneSimulator.ActiveCfg = Release|Any CPU
		{AD542192-E2AC-47C2-AB15-DFC775085186}.Release|iPhoneSimulator.Build.0 = Release|Any CPU
	EndGlobalSection
	GlobalSection(SolutionProperties) = preSolution
		HideSolutionNode = FALSE
	EndGlobalSection
EndGlobal
